// !$*UTF8*$!
{
	archiveVersion = 1;
	classes = {
	};
	objectVersion = 46;
	objects = {

/* Begin PBXBuildFile section */
		9645BD731E24661E0029B597 /* SpeechController.swift in Sources */ = {isa = PBXBuildFile; fileRef = 9645BD711E24661E0029B597 /* SpeechController.swift */; };
		9645BD741E24661E0029B597 /* SpeechRecordingControl.swift in Sources */ = {isa = PBXBuildFile; fileRef = 9645BD721E24661E0029B597 /* SpeechRecordingControl.swift */; };
		9651821C1D88D17E001998CC /* BagOfTricks.framework in Frameworks */ = {isa = PBXBuildFile; fileRef = 965182121D88D17E001998CC /* BagOfTricks.framework */; };
		965182211D88D17E001998CC /* BagOfTricksTests.swift in Sources */ = {isa = PBXBuildFile; fileRef = 965182201D88D17E001998CC /* BagOfTricksTests.swift */; };
		965182231D88D17E001998CC /* BagOfTricks.h in Headers */ = {isa = PBXBuildFile; fileRef = 965182151D88D17E001998CC /* BagOfTricks.h */; settings = {ATTRIBUTES = (Public, ); }; };
		969881011DB2832A009E5B8F /* CoreJS.swift in Sources */ = {isa = PBXBuildFile; fileRef = 969881001DB2832A009E5B8F /* CoreJS.swift */; };
		96AC247C1D8B769300C609A5 /* ActionTrampoline.swift in Sources */ = {isa = PBXBuildFile; fileRef = 96AC24771D8B769300C609A5 /* ActionTrampoline.swift */; };
		96AC247D1D8B769300C609A5 /* Broadcast.swift in Sources */ = {isa = PBXBuildFile; fileRef = 96AC24781D8B769300C609A5 /* Broadcast.swift */; };
		96AC247E1D8B769300C609A5 /* IntegerEnum.swift in Sources */ = {isa = PBXBuildFile; fileRef = 96AC24791D8B769300C609A5 /* IntegerEnum.swift */; };
		96AC247F1D8B769300C609A5 /* NSBlockInit.swift in Sources */ = {isa = PBXBuildFile; fileRef = 96AC247A1D8B769300C609A5 /* NSBlockInit.swift */; };
		96AC24801D8B769300C609A5 /* Relay.swift in Sources */ = {isa = PBXBuildFile; fileRef = 96AC247B1D8B769300C609A5 /* Relay.swift */; };
		96DE2EAA1DA9E070005E1EF0 /* Array+Extensions.swift in Sources */ = {isa = PBXBuildFile; fileRef = 96DE2EA71DA9E070005E1EF0 /* Array+Extensions.swift */; };
		96DE2EAB1DA9E070005E1EF0 /* Publisher.swift in Sources */ = {isa = PBXBuildFile; fileRef = 96DE2EA81DA9E070005E1EF0 /* Publisher.swift */; };
		96DE2EAC1DA9E070005E1EF0 /* TimeIntervalExtension.swift in Sources */ = {isa = PBXBuildFile; fileRef = 96DE2EA91DA9E070005E1EF0 /* TimeIntervalExtension.swift */; };
/* End PBXBuildFile section */

/* Begin PBXContainerItemProxy section */
		9651821D1D88D17E001998CC /* PBXContainerItemProxy */ = {
			isa = PBXContainerItemProxy;
			containerPortal = 965182091D88D17E001998CC /* Project object */;
			proxyType = 1;
			remoteGlobalIDString = 965182111D88D17E001998CC;
			remoteInfo = BagOfTricks;
		};
/* End PBXContainerItemProxy section */

/* Begin PBXFileReference section */
		9645BD711E24661E0029B597 /* SpeechController.swift */ = {isa = PBXFileReference; fileEncoding = 4; lastKnownFileType = sourcecode.swift; name = SpeechController.swift; path = BagOfTricks/SpeechController.swift; sourceTree = "<group>"; };
		9645BD721E24661E0029B597 /* SpeechRecordingControl.swift */ = {isa = PBXFileReference; fileEncoding = 4; lastKnownFileType = sourcecode.swift; name = SpeechRecordingControl.swift; path = BagOfTricks/SpeechRecordingControl.swift; sourceTree = "<group>"; };
		965182121D88D17E001998CC /* BagOfTricks.framework */ = {isa = PBXFileReference; explicitFileType = wrapper.framework; includeInIndex = 0; path = BagOfTricks.framework; sourceTree = BUILT_PRODUCTS_DIR; };
		965182151D88D17E001998CC /* BagOfTricks.h */ = {isa = PBXFileReference; lastKnownFileType = sourcecode.c.h; path = BagOfTricks.h; sourceTree = "<group>"; };
		965182161D88D17E001998CC /* Info.plist */ = {isa = PBXFileReference; lastKnownFileType = text.plist.xml; path = Info.plist; sourceTree = "<group>"; };
		9651821B1D88D17E001998CC /* BagOfTricksTests.xctest */ = {isa = PBXFileReference; explicitFileType = wrapper.cfbundle; includeInIndex = 0; path = BagOfTricksTests.xctest; sourceTree = BUILT_PRODUCTS_DIR; };
		965182201D88D17E001998CC /* BagOfTricksTests.swift */ = {isa = PBXFileReference; lastKnownFileType = sourcecode.swift; path = BagOfTricksTests.swift; sourceTree = "<group>"; };
		965182221D88D17E001998CC /* Info.plist */ = {isa = PBXFileReference; lastKnownFileType = text.plist.xml; path = Info.plist; sourceTree = "<group>"; };
		969881001DB2832A009E5B8F /* CoreJS.swift */ = {isa = PBXFileReference; fileEncoding = 4; lastKnownFileType = sourcecode.swift; name = CoreJS.swift; path = BagOfTricks/CoreJS.swift; sourceTree = "<group>"; };
		96AC24771D8B769300C609A5 /* ActionTrampoline.swift */ = {isa = PBXFileReference; fileEncoding = 4; lastKnownFileType = sourcecode.swift; name = ActionTrampoline.swift; path = BagOfTricks/ActionTrampoline.swift; sourceTree = "<group>"; };
		96AC24781D8B769300C609A5 /* Broadcast.swift */ = {isa = PBXFileReference; fileEncoding = 4; lastKnownFileType = sourcecode.swift; name = Broadcast.swift; path = BagOfTricks/Broadcast.swift; sourceTree = "<group>"; };
		96AC24791D8B769300C609A5 /* IntegerEnum.swift */ = {isa = PBXFileReference; fileEncoding = 4; lastKnownFileType = sourcecode.swift; name = IntegerEnum.swift; path = BagOfTricks/IntegerEnum.swift; sourceTree = "<group>"; };
		96AC247A1D8B769300C609A5 /* NSBlockInit.swift */ = {isa = PBXFileReference; fileEncoding = 4; lastKnownFileType = sourcecode.swift; name = NSBlockInit.swift; path = BagOfTricks/NSBlockInit.swift; sourceTree = "<group>"; };
		96AC247B1D8B769300C609A5 /* Relay.swift */ = {isa = PBXFileReference; fileEncoding = 4; lastKnownFileType = sourcecode.swift; name = Relay.swift; path = BagOfTricks/Relay.swift; sourceTree = "<group>"; };
		96DE2EA71DA9E070005E1EF0 /* Array+Extensions.swift */ = {isa = PBXFileReference; fileEncoding = 4; lastKnownFileType = sourcecode.swift; name = "Array+Extensions.swift"; path = "BagOfTricks/Array+Extensions.swift"; sourceTree = "<group>"; };
		96DE2EA81DA9E070005E1EF0 /* Publisher.swift */ = {isa = PBXFileReference; fileEncoding = 4; lastKnownFileType = sourcecode.swift; name = Publisher.swift; path = BagOfTricks/Publisher.swift; sourceTree = "<group>"; };
		96DE2EA91DA9E070005E1EF0 /* TimeIntervalExtension.swift */ = {isa = PBXFileReference; fileEncoding = 4; lastKnownFileType = sourcecode.swift; name = TimeIntervalExtension.swift; path = BagOfTricks/TimeIntervalExtension.swift; sourceTree = "<group>"; };
/* End PBXFileReference section */

/* Begin PBXFrameworksBuildPhase section */
		9651820E1D88D17E001998CC /* Frameworks */ = {
			isa = PBXFrameworksBuildPhase;
			buildActionMask = 2147483647;
			files = (
			);
			runOnlyForDeploymentPostprocessing = 0;
		};
		965182181D88D17E001998CC /* Frameworks */ = {
			isa = PBXFrameworksBuildPhase;
			buildActionMask = 2147483647;
			files = (
				9651821C1D88D17E001998CC /* BagOfTricks.framework in Frameworks */,
			);
			runOnlyForDeploymentPostprocessing = 0;
		};
/* End PBXFrameworksBuildPhase section */

/* Begin PBXGroup section */
		965182081D88D17E001998CC = {
			isa = PBXGroup;
			children = (
				9645BD711E24661E0029B597 /* SpeechController.swift */,
				9645BD721E24661E0029B597 /* SpeechRecordingControl.swift */,
				969881001DB2832A009E5B8F /* CoreJS.swift */,
				96DE2EA71DA9E070005E1EF0 /* Array+Extensions.swift */,
				96DE2EA81DA9E070005E1EF0 /* Publisher.swift */,
				96DE2EA91DA9E070005E1EF0 /* TimeIntervalExtension.swift */,
				96AC24771D8B769300C609A5 /* ActionTrampoline.swift */,
				96AC24781D8B769300C609A5 /* Broadcast.swift */,
				96AC24791D8B769300C609A5 /* IntegerEnum.swift */,
				96AC247A1D8B769300C609A5 /* NSBlockInit.swift */,
				96AC247B1D8B769300C609A5 /* Relay.swift */,
				965182141D88D17E001998CC /* BagOfTricks */,
				9651821F1D88D17E001998CC /* BagOfTricksTests */,
				965182131D88D17E001998CC /* Products */,
			);
			sourceTree = "<group>";
		};
		965182131D88D17E001998CC /* Products */ = {
			isa = PBXGroup;
			children = (
				965182121D88D17E001998CC /* BagOfTricks.framework */,
				9651821B1D88D17E001998CC /* BagOfTricksTests.xctest */,
			);
			name = Products;
			sourceTree = "<group>";
		};
		965182141D88D17E001998CC /* BagOfTricks */ = {
			isa = PBXGroup;
			children = (
				965182151D88D17E001998CC /* BagOfTricks.h */,
				965182161D88D17E001998CC /* Info.plist */,
			);
			path = BagOfTricks;
			sourceTree = "<group>";
		};
		9651821F1D88D17E001998CC /* BagOfTricksTests */ = {
			isa = PBXGroup;
			children = (
				965182201D88D17E001998CC /* BagOfTricksTests.swift */,
				965182221D88D17E001998CC /* Info.plist */,
			);
			path = BagOfTricksTests;
			sourceTree = "<group>";
		};
/* End PBXGroup section */

/* Begin PBXHeadersBuildPhase section */
		9651820F1D88D17E001998CC /* Headers */ = {
			isa = PBXHeadersBuildPhase;
			buildActionMask = 2147483647;
			files = (
				965182231D88D17E001998CC /* BagOfTricks.h in Headers */,
			);
			runOnlyForDeploymentPostprocessing = 0;
		};
/* End PBXHeadersBuildPhase section */

/* Begin PBXNativeTarget section */
		965182111D88D17E001998CC /* BagOfTricks */ = {
			isa = PBXNativeTarget;
			buildConfigurationList = 965182261D88D17E001998CC /* Build configuration list for PBXNativeTarget "BagOfTricks" */;
			buildPhases = (
				9651820D1D88D17E001998CC /* Sources */,
				9651820E1D88D17E001998CC /* Frameworks */,
				9651820F1D88D17E001998CC /* Headers */,
				965182101D88D17E001998CC /* Resources */,
			);
			buildRules = (
			);
			dependencies = (
			);
			name = BagOfTricks;
			productName = BagOfTricks;
			productReference = 965182121D88D17E001998CC /* BagOfTricks.framework */;
			productType = "com.apple.product-type.framework";
		};
		9651821A1D88D17E001998CC /* BagOfTricksTests */ = {
			isa = PBXNativeTarget;
			buildConfigurationList = 965182291D88D17E001998CC /* Build configuration list for PBXNativeTarget "BagOfTricksTests" */;
			buildPhases = (
				965182171D88D17E001998CC /* Sources */,
				965182181D88D17E001998CC /* Frameworks */,
				965182191D88D17E001998CC /* Resources */,
			);
			buildRules = (
			);
			dependencies = (
				9651821E1D88D17E001998CC /* PBXTargetDependency */,
			);
			name = BagOfTricksTests;
			productName = BagOfTricksTests;
			productReference = 9651821B1D88D17E001998CC /* BagOfTricksTests.xctest */;
			productType = "com.apple.product-type.bundle.unit-test";
		};
/* End PBXNativeTarget section */

/* Begin PBXProject section */
		965182091D88D17E001998CC /* Project object */ = {
			isa = PBXProject;
			attributes = {
				LastSwiftUpdateCheck = 0800;
				LastUpgradeCheck = 0810;
				ORGANIZATIONNAME = WildThink;
				TargetAttributes = {
					965182111D88D17E001998CC = {
						CreatedOnToolsVersion = 8.0;
						DevelopmentTeam = 8S7Y6KVRU5;
						LastSwiftMigration = 0800;
						ProvisioningStyle = Automatic;
					};
					9651821A1D88D17E001998CC = {
						CreatedOnToolsVersion = 8.0;
						DevelopmentTeam = 8S7Y6KVRU5;
						ProvisioningStyle = Automatic;
					};
				};
			};
			buildConfigurationList = 9651820C1D88D17E001998CC /* Build configuration list for PBXProject "BagOfTricks" */;
			compatibilityVersion = "Xcode 3.2";
			developmentRegion = English;
			hasScannedForEncodings = 0;
			knownRegions = (
				en,
			);
			mainGroup = 965182081D88D17E001998CC;
			productRefGroup = 965182131D88D17E001998CC /* Products */;
			projectDirPath = "";
			projectRoot = "";
			targets = (
				965182111D88D17E001998CC /* BagOfTricks */,
				9651821A1D88D17E001998CC /* BagOfTricksTests */,
			);
		};
/* End PBXProject section */

/* Begin PBXResourcesBuildPhase section */
		965182101D88D17E001998CC /* Resources */ = {
			isa = PBXResourcesBuildPhase;
			buildActionMask = 2147483647;
			files = (
			);
			runOnlyForDeploymentPostprocessing = 0;
		};
		965182191D88D17E001998CC /* Resources */ = {
			isa = PBXResourcesBuildPhase;
			buildActionMask = 2147483647;
			files = (
			);
			runOnlyForDeploymentPostprocessing = 0;
		};
/* End PBXResourcesBuildPhase section */

/* Begin PBXSourcesBuildPhase section */
		9651820D1D88D17E001998CC /* Sources */ = {
			isa = PBXSourcesBuildPhase;
			buildActionMask = 2147483647;
			files = (
				96AC247F1D8B769300C609A5 /* NSBlockInit.swift in Sources */,
				96DE2EAA1DA9E070005E1EF0 /* Array+Extensions.swift in Sources */,
				96AC247E1D8B769300C609A5 /* IntegerEnum.swift in Sources */,
				96AC247C1D8B769300C609A5 /* ActionTrampoline.swift in Sources */,
				96AC247D1D8B769300C609A5 /* Broadcast.swift in Sources */,
				969881011DB2832A009E5B8F /* CoreJS.swift in Sources */,
				96AC24801D8B769300C609A5 /* Relay.swift in Sources */,
				96DE2EAB1DA9E070005E1EF0 /* Publisher.swift in Sources */,
				96DE2EAC1DA9E070005E1EF0 /* TimeIntervalExtension.swift in Sources */,
				9645BD741E24661E0029B597 /* SpeechRecordingControl.swift in Sources */,
				9645BD731E24661E0029B597 /* SpeechController.swift in Sources */,
			);
			runOnlyForDeploymentPostprocessing = 0;
		};
		965182171D88D17E001998CC /* Sources */ = {
			isa = PBXSourcesBuildPhase;
			buildActionMask = 2147483647;
			files = (
				965182211D88D17E001998CC /* BagOfTricksTests.swift in Sources */,
			);
			runOnlyForDeploymentPostprocessing = 0;
		};
/* End PBXSourcesBuildPhase section */

/* Begin PBXTargetDependency section */
		9651821E1D88D17E001998CC /* PBXTargetDependency */ = {
			isa = PBXTargetDependency;
			target = 965182111D88D17E001998CC /* BagOfTricks */;
			targetProxy = 9651821D1D88D17E001998CC /* PBXContainerItemProxy */;
		};
/* End PBXTargetDependency section */

/* Begin XCBuildConfiguration section */
		965182241D88D17E001998CC /* Debug */ = {
			isa = XCBuildConfiguration;
			buildSettings = {
				ALWAYS_SEARCH_USER_PATHS = NO;
				CLANG_ANALYZER_NONNULL = YES;
				CLANG_CXX_LANGUAGE_STANDARD = "gnu++0x";
				CLANG_CXX_LIBRARY = "libc++";
				CLANG_ENABLE_MODULES = YES;
				CLANG_ENABLE_OBJC_ARC = YES;
				CLANG_WARN_BOOL_CONVERSION = YES;
				CLANG_WARN_CONSTANT_CONVERSION = YES;
				CLANG_WARN_DIRECT_OBJC_ISA_USAGE = YES_ERROR;
				CLANG_WARN_DOCUMENTATION_COMMENTS = YES;
				CLANG_WARN_EMPTY_BODY = YES;
				CLANG_WARN_ENUM_CONVERSION = YES;
				CLANG_WARN_INFINITE_RECURSION = YES;
				CLANG_WARN_INT_CONVERSION = YES;
				CLANG_WARN_OBJC_ROOT_CLASS = YES_ERROR;
				CLANG_WARN_SUSPICIOUS_MOVE = YES;
				CLANG_WARN_SUSPICIOUS_MOVES = YES;
				CLANG_WARN_UNREACHABLE_CODE = YES;
				CLANG_WARN__DUPLICATE_METHOD_MATCH = YES;
				"CODE_SIGN_IDENTITY[sdk=iphoneos*]" = "iPhone Developer";
				COPY_PHASE_STRIP = NO;
				CURRENT_PROJECT_VERSION = 1;
				DEBUG_INFORMATION_FORMAT = dwarf;
				ENABLE_STRICT_OBJC_MSGSEND = YES;
				ENABLE_TESTABILITY = YES;
				GCC_C_LANGUAGE_STANDARD = gnu99;
				GCC_DYNAMIC_NO_PIC = NO;
				GCC_NO_COMMON_BLOCKS = YES;
				GCC_OPTIMIZATION_LEVEL = 0;
				GCC_PREPROCESSOR_DEFINITIONS = (
					"DEBUG=1",
					"$(inherited)",
				);
				GCC_WARN_64_TO_32_BIT_CONVERSION = YES;
				GCC_WARN_ABOUT_RETURN_TYPE = YES_ERROR;
				GCC_WARN_UNDECLARED_SELECTOR = YES;
				GCC_WARN_UNINITIALIZED_AUTOS = YES_AGGRESSIVE;
				GCC_WARN_UNUSED_FUNCTION = YES;
				GCC_WARN_UNUSED_VARIABLE = YES;
				IPHONEOS_DEPLOYMENT_TARGET = 10.0;
				MTL_ENABLE_DEBUG_INFO = YES;
				ONLY_ACTIVE_ARCH = YES;
				SDKROOT = iphoneos;
				SWIFT_ACTIVE_COMPILATION_CONDITIONS = DEBUG;
				SWIFT_OPTIMIZATION_LEVEL = "-Onone";
				TARGETED_DEVICE_FAMILY = "1,2";
				VERSIONING_SYSTEM = "apple-generic";
				VERSION_INFO_PREFIX = "";
			};
			name = Debug;
		};
		965182251D88D17E001998CC /* Release */ = {
			isa = XCBuildConfiguration;
			buildSettings = {
				ALWAYS_SEARCH_USER_PATHS = NO;
				CLANG_ANALYZER_NONNULL = YES;
				CLANG_CXX_LANGUAGE_STANDARD = "gnu++0x";
				CLANG_CXX_LIBRARY = "libc++";
				CLANG_ENABLE_MODULES = YES;
				CLANG_ENABLE_OBJC_ARC = YES;
				CLANG_WARN_BOOL_CONVERSION = YES;
				CLANG_WARN_CONSTANT_CONVERSION = YES;
				CLANG_WARN_DIRECT_OBJC_ISA_USAGE = YES_ERROR;
				CLANG_WARN_DOCUMENTATION_COMMENTS = YES;
				CLANG_WARN_EMPTY_BODY = YES;
				CLANG_WARN_ENUM_CONVERSION = YES;
				CLANG_WARN_INFINITE_RECURSION = YES;
				CLANG_WARN_INT_CONVERSION = YES;
				CLANG_WARN_OBJC_ROOT_CLASS = YES_ERROR;
				CLANG_WARN_SUSPICIOUS_MOVE = YES;
				CLANG_WARN_SUSPICIOUS_MOVES = YES;
				CLANG_WARN_UNREACHABLE_CODE = YES;
				CLANG_WARN__DUPLICATE_METHOD_MATCH = YES;
				"CODE_SIGN_IDENTITY[sdk=iphoneos*]" = "iPhone Developer";
				COPY_PHASE_STRIP = NO;
				CURRENT_PROJECT_VERSION = 1;
				DEBUG_INFORMATION_FORMAT = "dwarf-with-dsym";
				ENABLE_NS_ASSERTIONS = NO;
				ENABLE_STRICT_OBJC_MSGSEND = YES;
				GCC_C_LANGUAGE_STANDARD = gnu99;
				GCC_NO_COMMON_BLOCKS = YES;
				GCC_WARN_64_TO_32_BIT_CONVERSION = YES;
				GCC_WARN_ABOUT_RETURN_TYPE = YES_ERROR;
				GCC_WARN_UNDECLARED_SELECTOR = YES;
				GCC_WARN_UNINITIALIZED_AUTOS = YES_AGGRESSIVE;
				GCC_WARN_UNUSED_FUNCTION = YES;
				GCC_WARN_UNUSED_VARIABLE = YES;
				IPHONEOS_DEPLOYMENT_TARGET = 10.0;
				MTL_ENABLE_DEBUG_INFO = NO;
				SDKROOT = iphoneos;
				SWIFT_OPTIMIZATION_LEVEL = "-Owholemodule";
				TARGETED_DEVICE_FAMILY = "1,2";
				VALIDATE_PRODUCT = YES;
				VERSIONING_SYSTEM = "apple-generic";
				VERSION_INFO_PREFIX = "";
			};
			name = Release;
		};
		965182271D88D17E001998CC /* Debug */ = {
			isa = XCBuildConfiguration;
			buildSettings = {
				CLANG_ENABLE_MODULES = YES;
				CODE_SIGN_IDENTITY = "";
				DEFINES_MODULE = YES;
				DEVELOPMENT_TEAM = 8S7Y6KVRU5;
				DYLIB_COMPATIBILITY_VERSION = 1;
				DYLIB_CURRENT_VERSION = 1;
				DYLIB_INSTALL_NAME_BASE = "@rpath";
				INFOPLIST_FILE = BagOfTricks/Info.plist;
				INSTALL_PATH = "$(LOCAL_LIBRARY_DIR)/Frameworks";
				LD_RUNPATH_SEARCH_PATHS = "$(inherited) @executable_path/Frameworks @loader_path/Frameworks";
				PRODUCT_BUNDLE_IDENTIFIER = com.wildthink.lib.BagOfTricks;
				PRODUCT_NAME = "$(TARGET_NAME)";
				SKIP_INSTALL = YES;
				SWIFT_OPTIMIZATION_LEVEL = "-Onone";
				SWIFT_VERSION = 3.0;
			};
			name = Debug;
		};
		965182281D88D17E001998CC /* Release */ = {
			isa = XCBuildConfiguration;
			buildSettings = {
				CLANG_ENABLE_MODULES = YES;
				CODE_SIGN_IDENTITY = "";
				DEFINES_MODULE = YES;
				DEVELOPMENT_TEAM = 8S7Y6KVRU5;
				DYLIB_COMPATIBILITY_VERSION = 1;
				DYLIB_CURRENT_VERSION = 1;
				DYLIB_INSTALL_NAME_BASE = "@rpath";
				INFOPLIST_FILE = BagOfTricks/Info.plist;
				INSTALL_PATH = "$(LOCAL_LIBRARY_DIR)/Frameworks";
				LD_RUNPATH_SEARCH_PATHS = "$(inherited) @executable_path/Frameworks @loader_path/Frameworks";
				PRODUCT_BUNDLE_IDENTIFIER = com.wildthink.lib.BagOfTricks;
				PRODUCT_NAME = "$(TARGET_NAME)";
				SKIP_INSTALL = YES;
				SWIFT_VERSION = 3.0;
			};
			name = Release;
		};
		9651822A1D88D17E001998CC /* Debug */ = {
			isa = XCBuildConfiguration;
			buildSettings = {
				ALWAYS_EMBED_SWIFT_STANDARD_LIBRARIES = YES;
				DEVELOPMENT_TEAM = 8S7Y6KVRU5;
				INFOPLIST_FILE = BagOfTricksTests/Info.plist;
				LD_RUNPATH_SEARCH_PATHS = "$(inherited) @executable_path/Frameworks @loader_path/Frameworks";
				PRODUCT_BUNDLE_IDENTIFIER = com.wildthink.lib.BagOfTricksTests;
				PRODUCT_NAME = "$(TARGET_NAME)";
				SWIFT_VERSION = 3.0;
			};
			name = Debug;
		};
		9651822B1D88D17E001998CC /* Release */ = {
			isa = XCBuildConfiguration;
			buildSettings = {
				ALWAYS_EMBED_SWIFT_STANDARD_LIBRARIES = YES;
				DEVELOPMENT_TEAM = 8S7Y6KVRU5;
				INFOPLIST_FILE = BagOfTricksTests/Info.plist;
				LD_RUNPATH_SEARCH_PATHS = "$(inherited) @executable_path/Frameworks @loader_path/Frameworks";
				PRODUCT_BUNDLE_IDENTIFIER = com.wildthink.lib.BagOfTricksTests;
				PRODUCT_NAME = "$(TARGET_NAME)";
				SWIFT_VERSION = 3.0;
			};
			name = Release;
		};
/* End XCBuildConfiguration section */

/* Begin XCConfigurationList section */
		9651820C1D88D17E001998CC /* Build configuration list for PBXProject "BagOfTricks" */ = {
			isa = XCConfigurationList;
			buildConfigurations = (
				965182241D88D17E001998CC /* Debug */,
				965182251D88D17E001998CC /* Release */,
			);
			defaultConfigurationIsVisible = 0;
			defaultConfigurationName = Release;
		};
		965182261D88D17E001998CC /* Build configuration list for PBXNativeTarget "BagOfTricks" */ = {
			isa = XCConfigurationList;
			buildConfigurations = (
				965182271D88D17E001998CC /* Debug */,
				965182281D88D17E001998CC /* Release */,
			);
			defaultConfigurationIsVisible = 0;
			defaultConfigurationName = Release;
		};
		965182291D88D17E001998CC /* Build configuration list for PBXNativeTarget "BagOfTricksTests" */ = {
			isa = XCConfigurationList;
			buildConfigurations = (
				9651822A1D88D17E001998CC /* Debug */,
				9651822B1D88D17E001998CC /* Release */,
			);
			defaultConfigurationIsVisible = 0;
			defaultConfigurationName = Release;
		};
/* End XCConfigurationList section */
	};
	rootObject = 965182091D88D17E001998CC /* Project object */;
}
